// !$*UTF8*$!
{
	archiveVersion = 1;
	classes = {
	};
	objectVersion = 46;
	objects = {

/* Begin PBXBuildFile section */
		BC9E3A981A2D8C52005B7D27 /* main.m in Sources */ = {isa = PBXBuildFile; fileRef = BC9E3A971A2D8C52005B7D27 /* main.m */; };
		BC9E3A9B1A2D8C52005B7D27 /* AppDelegate.m in Sources */ = {isa = PBXBuildFile; fileRef = BC9E3A9A1A2D8C52005B7D27 /* AppDelegate.m */; };
		BC9E3A9E1A2D8C52005B7D27 /* ViewController.m in Sources */ = {isa = PBXBuildFile; fileRef = BC9E3A9D1A2D8C52005B7D27 /* ViewController.m */; };
		BC9E3AA11A2D8C52005B7D27 /* Main.storyboard in Resources */ = {isa = PBXBuildFile; fileRef = BC9E3A9F1A2D8C52005B7D27 /* Main.storyboard */; };
		BC9E3AA31A2D8C52005B7D27 /* Images.xcassets in Resources */ = {isa = PBXBuildFile; fileRef = BC9E3AA21A2D8C52005B7D27 /* Images.xcassets */; };
		BC9E3AA61A2D8C52005B7D27 /* LaunchScreen.xib in Resources */ = {isa = PBXBuildFile; fileRef = BC9E3AA41A2D8C52005B7D27 /* LaunchScreen.xib */; };
		BC9E3AB21A2D8C52005B7D27 /* ThreadUsingDespatchQueTests.m in Sources */ = {isa = PBXBuildFile; fileRef = BC9E3AB11A2D8C52005B7D27 /* ThreadUsingDespatchQueTests.m */; };
		BCBC9F921A2EE478009B9B24 /* Methods.m in Sources */ = {isa = PBXBuildFile; fileRef = BCBC9F911A2EE478009B9B24 /* Methods.m */; };
/* End PBXBuildFile section */

/* Begin PBXContainerItemProxy section */
		BC9E3AAC1A2D8C52005B7D27 /* PBXContainerItemProxy */ = {
			isa = PBXContainerItemProxy;
			containerPortal = BC9E3A8A1A2D8C52005B7D27 /* Project object */;
			proxyType = 1;
			remoteGlobalIDString = BC9E3A911A2D8C52005B7D27;
			remoteInfo = ThreadUsingDespatchQue;
		};
/* End PBXContainerItemProxy section */

/* Begin PBXFileReference section */
		BC9E3A921A2D8C52005B7D27 /* ThreadUsingDespatchQue.app */ = {isa = PBXFileReference; explicitFileType = wrapper.application; includeInIndex = 0; path = ThreadUsingDespatchQue.app; sourceTree = BUILT_PRODUCTS_DIR; };
		BC9E3A961A2D8C52005B7D27 /* Info.plist */ = {isa = PBXFileReference; lastKnownFileType = text.plist.xml; path = Info.plist; sourceTree = "<group>"; };
		BC9E3A971A2D8C52005B7D27 /* main.m */ = {isa = PBXFileReference; lastKnownFileType = sourcecode.c.objc; path = main.m; sourceTree = "<group>"; };
		BC9E3A991A2D8C52005B7D27 /* AppDelegate.h */ = {isa = PBXFileReference; lastKnownFileType = sourcecode.c.h; path = AppDelegate.h; sourceTree = "<group>"; };
		BC9E3A9A1A2D8C52005B7D27 /* AppDelegate.m */ = {isa = PBXFileReference; lastKnownFileType = sourcecode.c.objc; path = AppDelegate.m; sourceTree = "<group>"; };
		BC9E3A9C1A2D8C52005B7D27 /* ViewController.h */ = {isa = PBXFileReference; lastKnownFileType = sourcecode.c.h; path = ViewController.h; sourceTree = "<group>"; };
		BC9E3A9D1A2D8C52005B7D27 /* ViewController.m */ = {isa = PBXFileReference; lastKnownFileType = sourcecode.c.objc; path = ViewController.m; sourceTree = "<group>"; };
		BC9E3AA01A2D8C52005B7D27 /* Base */ = {isa = PBXFileReference; lastKnownFileType = file.storyboard; name = Base; path = Base.lproj/Main.storyboard; sourceTree = "<group>"; };
		BC9E3AA21A2D8C52005B7D27 /* Images.xcassets */ = {isa = PBXFileReference; lastKnownFileType = folder.assetcatalog; path = Images.xcassets; sourceTree = "<group>"; };
		BC9E3AA51A2D8C52005B7D27 /* Base */ = {isa = PBXFileReference; lastKnownFileType = file.xib; name = Base; path = Base.lproj/LaunchScreen.xib; sourceTree = "<group>"; };
		BC9E3AAB1A2D8C52005B7D27 /* ThreadUsingDespatchQueTests.xctest */ = {isa = PBXFileReference; explicitFileType = wrapper.cfbundle; includeInIndex = 0; path = ThreadUsingDespatchQueTests.xctest; sourceTree = BUILT_PRODUCTS_DIR; };
		BC9E3AB01A2D8C52005B7D27 /* Info.plist */ = {isa = PBXFileReference; lastKnownFileType = text.plist.xml; path = Info.plist; sourceTree = "<group>"; };
		BC9E3AB11A2D8C52005B7D27 /* ThreadUsingDespatchQueTests.m */ = {isa = PBXFileReference; lastKnownFileType = sourcecode.c.objc; path = ThreadUsingDespatchQueTests.m; sourceTree = "<group>"; };
		BCBC9F901A2EE478009B9B24 /* Methods.h */ = {isa = PBXFileReference; fileEncoding = 4; lastKnownFileType = sourcecode.c.h; path = Methods.h; sourceTree = "<group>"; };
		BCBC9F911A2EE478009B9B24 /* Methods.m */ = {isa = PBXFileReference; fileEncoding = 4; lastKnownFileType = sourcecode.c.objc; path = Methods.m; sourceTree = "<group>"; };
/* End PBXFileReference section */

/* Begin PBXFrameworksBuildPhase section */
		BC9E3A8F1A2D8C52005B7D27 /* Frameworks */ = {
			isa = PBXFrameworksBuildPhase;
			buildActionMask = 2147483647;
			files = (
			);
			runOnlyForDeploymentPostprocessing = 0;
		};
		BC9E3AA81A2D8C52005B7D27 /* Frameworks */ = {
			isa = PBXFrameworksBuildPhase;
			buildActionMask = 2147483647;
			files = (
			);
			runOnlyForDeploymentPostprocessing = 0;
		};
/* End PBXFrameworksBuildPhase section */

/* Begin PBXGroup section */
		BC9E3A891A2D8C52005B7D27 = {
			isa = PBXGroup;
			children = (
				BC9E3A941A2D8C52005B7D27 /* ThreadUsingDespatchQue */,
				BC9E3AAE1A2D8C52005B7D27 /* ThreadUsingDespatchQueTests */,
				BC9E3A931A2D8C52005B7D27 /* Products */,
			);
			sourceTree = "<group>";
		};
		BC9E3A931A2D8C52005B7D27 /* Products */ = {
			isa = PBXGroup;
			children = (
				BC9E3A921A2D8C52005B7D27 /* ThreadUsingDespatchQue.app */,
				BC9E3AAB1A2D8C52005B7D27 /* ThreadUsingDespatchQueTests.xctest */,
			);
			name = Products;
			sourceTree = "<group>";
		};
		BC9E3A941A2D8C52005B7D27 /* ThreadUsingDespatchQue */ = {
			isa = PBXGroup;
			children = (
				BC9E3A991A2D8C52005B7D27 /* AppDelegate.h */,
				BC9E3A9A1A2D8C52005B7D27 /* AppDelegate.m */,
				BC9E3A9C1A2D8C52005B7D27 /* ViewController.h */,
				BC9E3A9D1A2D8C52005B7D27 /* ViewController.m */,
				BCBC9F901A2EE478009B9B24 /* Methods.h */,
				BCBC9F911A2EE478009B9B24 /* Methods.m */,
				BC9E3A9F1A2D8C52005B7D27 /* Main.storyboard */,
				BC9E3AA21A2D8C52005B7D27 /* Images.xcassets */,
				BC9E3AA41A2D8C52005B7D27 /* LaunchScreen.xib */,
				BC9E3A951A2D8C52005B7D27 /* Supporting Files */,
			);
			path = ThreadUsingDespatchQue;
			sourceTree = "<group>";
		};
		BC9E3A951A2D8C52005B7D27 /* Supporting Files */ = {
			isa = PBXGroup;
			children = (
				BC9E3A961A2D8C52005B7D27 /* Info.plist */,
				BC9E3A971A2D8C52005B7D27 /* main.m */,
			);
			name = "Supporting Files";
			sourceTree = "<group>";
		};
		BC9E3AAE1A2D8C52005B7D27 /* ThreadUsingDespatchQueTests */ = {
			isa = PBXGroup;
			children = (
				BC9E3AB11A2D8C52005B7D27 /* ThreadUsingDespatchQueTests.m */,
				BC9E3AAF1A2D8C52005B7D27 /* Supporting Files */,
			);
			path = ThreadUsingDespatchQueTests;
			sourceTree = "<group>";
		};
		BC9E3AAF1A2D8C52005B7D27 /* Supporting Files */ = {
			isa = PBXGroup;
			children = (
				BC9E3AB01A2D8C52005B7D27 /* Info.plist */,
			);
			name = "Supporting Files";
			sourceTree = "<group>";
		};
/* End PBXGroup section */

/* Begin PBXNativeTarget section */
		BC9E3A911A2D8C52005B7D27 /* ThreadUsingDespatchQue */ = {
			isa = PBXNativeTarget;
			buildConfigurationList = BC9E3AB51A2D8C52005B7D27 /* Build configuration list for PBXNativeTarget "ThreadUsingDespatchQue" */;
			buildPhases = (
				BC9E3A8E1A2D8C52005B7D27 /* Sources */,
				BC9E3A8F1A2D8C52005B7D27 /* Frameworks */,
				BC9E3A901A2D8C52005B7D27 /* Resources */,
			);
			buildRules = (
			);
			dependencies = (
			);
			name = ThreadUsingDespatchQue;
			productName = ThreadUsingDespatchQue;
			productReference = BC9E3A921A2D8C52005B7D27 /* ThreadUsingDespatchQue.app */;
			productType = "com.apple.product-type.application";
		};
		BC9E3AAA1A2D8C52005B7D27 /* ThreadUsingDespatchQueTests */ = {
			isa = PBXNativeTarget;
			buildConfigurationList = BC9E3AB81A2D8C52005B7D27 /* Build configuration list for PBXNativeTarget "ThreadUsingDespatchQueTests" */;
			buildPhases = (
				BC9E3AA71A2D8C52005B7D27 /* Sources */,
				BC9E3AA81A2D8C52005B7D27 /* Frameworks */,
				BC9E3AA91A2D8C52005B7D27 /* Resources */,
			);
			buildRules = (
			);
			dependencies = (
				BC9E3AAD1A2D8C52005B7D27 /* PBXTargetDependency */,
			);
			name = ThreadUsingDespatchQueTests;
			productName = ThreadUsingDespatchQueTests;
			productReference = BC9E3AAB1A2D8C52005B7D27 /* ThreadUsingDespatchQueTests.xctest */;
			productType = "com.apple.product-type.bundle.unit-test";
		};
/* End PBXNativeTarget section */

/* Begin PBXProject section */
		BC9E3A8A1A2D8C52005B7D27 /* Project object */ = {
			isa = PBXProject;
			attributes = {
				LastUpgradeCheck = 0600;
				ORGANIZATIONNAME = gyana;
				TargetAttributes = {
					BC9E3A911A2D8C52005B7D27 = {
						CreatedOnToolsVersion = 6.0;
					};
					BC9E3AAA1A2D8C52005B7D27 = {
						CreatedOnToolsVersion = 6.0;
						TestTargetID = BC9E3A911A2D8C52005B7D27;
					};
				};
			};
			buildConfigurationList = BC9E3A8D1A2D8C52005B7D27 /* Build configuration list for PBXProject "ThreadUsingDespatchQue" */;
			compatibilityVersion = "Xcode 3.2";
			developmentRegion = English;
			hasScannedForEncodings = 0;
			knownRegions = (
				en,
				Base,
			);
			mainGroup = BC9E3A891A2D8C52005B7D27;
			productRefGroup = BC9E3A931A2D8C52005B7D27 /* Products */;
			projectDirPath = "";
			projectRoot = "";
			targets = (
				BC9E3A911A2D8C52005B7D27 /* ThreadUsingDespatchQue */,
				BC9E3AAA1A2D8C52005B7D27 /* ThreadUsingDespatchQueTests */,
			);
		};
/* End PBXProject section */

/* Begin PBXResourcesBuildPhase section */
		BC9E3A901A2D8C52005B7D27 /* Resources */ = {
			isa = PBXResourcesBuildPhase;
			buildActionMask = 2147483647;
			files = (
				BC9E3AA11A2D8C52005B7D27 /* Main.storyboard in Resources */,
				BC9E3AA61A2D8C52005B7D27 /* LaunchScreen.xib in Resources */,
				BC9E3AA31A2D8C52005B7D27 /* Images.xcassets in Resources */,
			);
			runOnlyForDeploymentPostprocessing = 0;
		};
		BC9E3AA91A2D8C52005B7D27 /* Resources */ = {
			isa = PBXResourcesBuildPhase;
			buildActionMask = 2147483647;
			files = (
			);
			runOnlyForDeploymentPostprocessing = 0;
		};
/* End PBXResourcesBuildPhase section */

/* Begin PBXSourcesBuildPhase section */
		BC9E3A8E1A2D8C52005B7D27 /* Sources */ = {
			isa = PBXSourcesBuildPhase;
			buildActionMask = 2147483647;
			files = (
				BCBC9F921A2EE478009B9B24 /* Methods.m in Sources */,
				BC9E3A9E1A2D8C52005B7D27 /* ViewController.m in Sources */,
				BC9E3A9B1A2D8C52005B7D27 /* AppDelegate.m in Sources */,
				BC9E3A981A2D8C52005B7D27 /* main.m in Sources */,
			);
			runOnlyForDeploymentPostprocessing = 0;
		};
		BC9E3AA71A2D8C52005B7D27 /* Sources */ = {
			isa = PBXSourcesBuildPhase;
			buildActionMask = 2147483647;
			files = (
				BC9E3AB21A2D8C52005B7D27 /* ThreadUsingDespatchQueTests.m in Sources */,
			);
			runOnlyForDeploymentPostprocessing = 0;
		};
/* End PBXSourcesBuildPhase section */

/* Begin PBXTargetDependency section */
		BC9E3AAD1A2D8C52005B7D27 /* PBXTargetDependency */ = {
			isa = PBXTargetDependency;
			target = BC9E3A911A2D8C52005B7D27 /* ThreadUsingDespatchQue */;
			targetProxy = BC9E3AAC1A2D8C52005B7D27 /* PBXContainerItemProxy */;
		};
/* End PBXTargetDependency section */

/* Begin PBXVariantGroup section */
		BC9E3A9F1A2D8C52005B7D27 /* Main.storyboard */ = {
			isa = PBXVariantGroup;
			children = (
				BC9E3AA01A2D8C52005B7D27 /* Base */,
			);
			name = Main.storyboard;
			sourceTree = "<group>";
		};
		BC9E3AA41A2D8C52005B7D27 /* LaunchScreen.xib */ = {
			isa = PBXVariantGroup;
			children = (
				BC9E3AA51A2D8C52005B7D27 /* Base */,
			);
			name = LaunchScreen.xib;
			sourceTree = "<group>";
		};
/* End PBXVariantGroup section */

/* Begin XCBuildConfiguration section */
		BC9E3AB31A2D8C52005B7D27 /* Debug */ = {
			isa = XCBuildConfiguration;
			buildSettings = {
				ALWAYS_SEARCH_USER_PATHS = NO;
				CLANG_CXX_LANGUAGE_STANDARD = "gnu++0x";
				CLANG_CXX_LIBRARY = "libc++";
				CLANG_ENABLE_MODULES = YES;
				CLANG_ENABLE_OBJC_ARC = YES;
				CLANG_WARN_BOOL_CONVERSION = YES;
				CLANG_WARN_CONSTANT_CONVERSION = YES;
				CLANG_WARN_DIRECT_OBJC_ISA_USAGE = YES_ERROR;
				CLANG_WARN_EMPTY_BODY = YES;
				CLANG_WARN_ENUM_CONVERSION = YES;
				CLANG_WARN_INT_CONVERSION = YES;
				CLANG_WARN_OBJC_ROOT_CLASS = YES_ERROR;
				CLANG_WARN_UNREACHABLE_CODE = YES;
				CLANG_WARN__DUPLICATE_METHOD_MATCH = YES;
				"CODE_SIGN_IDENTITY[sdk=iphoneos*]" = "iPhone Developer";
				COPY_PHASE_STRIP = NO;
				ENABLE_STRICT_OBJC_MSGSEND = YES;
				GCC_C_LANGUAGE_STANDARD = gnu99;
				GCC_DYNAMIC_NO_PIC = NO;
				GCC_OPTIMIZATION_LEVEL = 0;
				GCC_PREPROCESSOR_DEFINITIONS = (
					"DEBUG=1",
					"$(inherited)",
				);
				GCC_SYMBOLS_PRIVATE_EXTERN = NO;
				GCC_WARN_64_TO_32_BIT_CONVERSION = YES;
				GCC_WARN_ABOUT_RETURN_TYPE = YES_ERROR;
				GCC_WARN_UNDECLARED_SELECTOR = YES;
				GCC_WARN_UNINITIALIZED_AUTOS = YES_AGGRESSIVE;
				GCC_WARN_UNUSED_FUNCTION = YES;
				GCC_WARN_UNUSED_VARIABLE = YES;
				IPHONEOS_DEPLOYMENT_TARGET = 8.0;
				MTL_ENABLE_DEBUG_INFO = YES;
				ONLY_ACTIVE_ARCH = YES;
				SDKROOT = iphoneos;
			};
			name = Debug;
		};
		BC9E3AB41A2D8C52005B7D27 /* Release */ = {
			isa = XCBuildConfiguration;
			buildSettings = {
				ALWAYS_SEARCH_USER_PATHS = NO;
				CLANG_CXX_LANGUAGE_STANDARD = "gnu++0x";
				CLANG_CXX_LIBRARY = "libc++";
				CLANG_ENABLE_MODULES = YES;
				CLANG_ENABLE_OBJC_ARC = YES;
				CLANG_WARN_BOOL_CONVERSION = YES;
				CLANG_WARN_CONSTANT_CONVERSION = YES;
				CLANG_WARN_DIRECT_OBJC_ISA_USAGE = YES_ERROR;
				CLANG_WARN_EMPTY_BODY = YES;
				CLANG_WARN_ENUM_CONVERSION = YES;
				CLANG_WARN_INT_CONVERSION = YES;
				CLANG_WARN_OBJC_ROOT_CLASS = YES_ERROR;
				CLANG_WARN_UNREACHABLE_CODE = YES;
				CLANG_WARN__DUPLICATE_METHOD_MATCH = YES;
				"CODE_SIGN_IDENTITY[sdk=iphoneos*]" = "iPhone Developer";
				COPY_PHASE_STRIP = YES;
				ENABLE_NS_ASSERTIONS = NO;
				ENABLE_STRICT_OBJC_MSGSEND = YES;
				GCC_C_LANGUAGE_STANDARD = gnu99;
				GCC_WARN_64_TO_32_BIT_CONVERSION = YES;
				GCC_WARN_ABOUT_RETURN_TYPE = YES_ERROR;
				GCC_WARN_UNDECLARED_SELECTOR = YES;
				GCC_WARN_UNINITIALIZED_AUTOS = YES_AGGRESSIVE;
				GCC_WARN_UNUSED_FUNCTION = YES;
				GCC_WARN_UNUSED_VARIABLE = YES;
				IPHONEOS_DEPLOYMENT_TARGET = 8.0;
				MTL_ENABLE_DEBUG_INFO = NO;
				SDKROOT = iphoneos;
				VALIDATE_PRODUCT = YES;
			};
			name = Release;
		};
		BC9E3AB61A2D8C52005B7D27 /* Debug */ = {
			isa = XCBuildConfiguration;
			buildSettings = {
				ASSETCATALOG_COMPILER_APPICON_NAME = AppIcon;
				INFOPLIST_FILE = ThreadUsingDespatchQue/Info.plist;
				LD_RUNPATH_SEARCH_PATHS = "$(inherited) @executable_path/Frameworks";
				PRODUCT_NAME = "$(TARGET_NAME)";
			};
			name = Debug;
		};
		BC9E3AB71A2D8C52005B7D27 /* Release */ = {
			isa = XCBuildConfiguration;
			buildSettings = {
				ASSETCATALOG_COMPILER_APPICON_NAME = AppIcon;
				INFOPLIST_FILE = ThreadUsingDespatchQue/Info.plist;
				LD_RUNPATH_SEARCH_PATHS = "$(inherited) @executable_path/Frameworks";
				PRODUCT_NAME = "$(TARGET_NAME)";
			};
			name = Release;
		};
		BC9E3AB91A2D8C52005B7D27 /* Debug */ = {
			isa = XCBuildConfiguration;
			buildSettings = {
				BUNDLE_LOADER = "$(TEST_HOST)";
				FRAMEWORK_SEARCH_PATHS = (
					"$(SDKROOT)/Developer/Library/Frameworks",
					"$(inherited)",
				);
				GCC_PREPROCESSOR_DEFINITIONS = (
					"DEBUG=1",
					"$(inherited)",
				);
				INFOPLIST_FILE = ThreadUsingDespatchQueTests/Info.plist;
				LD_RUNPATH_SEARCH_PATHS = "$(inherited) @executable_path/Frameworks @loader_path/Frameworks";
				PRODUCT_NAME = "$(TARGET_NAME)";
				TEST_HOST = "$(BUILT_PRODUCTS_DIR)/ThreadUsingDespatchQue.app/ThreadUsingDespatchQue";
			};
			name = Debug;
		};
		BC9E3ABA1A2D8C52005B7D27 /* Release */ = {
			isa = XCBuildConfiguration;
			buildSettings = {
				BUNDLE_LOADER = "$(TEST_HOST)";
				FRAMEWORK_SEARCH_PATHS = (
					"$(SDKROOT)/Developer/Library/Frameworks",
					"$(inherited)",
				);
				INFOPLIST_FILE = ThreadUsingDespatchQueTests/Info.plist;
				LD_RUNPATH_SEARCH_PATHS = "$(inherited) @executable_path/Frameworks @loader_path/Frameworks";
				PRODUCT_NAME = "$(TARGET_NAME)";
				TEST_HOST = "$(BUILT_PRODUCTS_DIR)/ThreadUsingDespatchQue.app/ThreadUsingDespatchQue";
			};
			name = Release;
		};
/* End XCBuildConfiguration section */

/* Begin XCConfigurationList section */
		BC9E3A8D1A2D8C52005B7D27 /* Build configuration list for PBXProject "ThreadUsingDespatchQue" */ = {
			isa = XCConfigurationList;
			buildConfigurations = (
				BC9E3AB31A2D8C52005B7D27 /* Debug */,
				BC9E3AB41A2D8C52005B7D27 /* Release */,
			);
			defaultConfigurationIsVisible = 0;
			defaultConfigurationName = Release;
		};
		BC9E3AB51A2D8C52005B7D27 /* Build configuration list for PBXNativeTarget "ThreadUsingDespatchQue" */ = {
			isa = XCConfigurationList;
			buildConfigurations = (
				BC9E3AB61A2D8C52005B7D27 /* Debug */,
				BC9E3AB71A2D8C52005B7D27 /* Release */,
			);
			defaultConfigurationIsVisible = 0;
			defaultConfigurationName = Release;
		};
		BC9E3AB81A2D8C52005B7D27 /* Build configuration list for PBXNativeTarget "ThreadUsingDespatchQueTests" */ = {
			isa = XCConfigurationList;
			buildConfigurations = (
				BC9E3AB91A2D8C52005B7D27 /* Debug */,
				BC9E3ABA1A2D8C52005B7D27 /* Release */,
			);
			defaultConfigurationIsVisible = 0;
			defaultConfigurationName = Release;
		};
/* End XCConfigurationList section */
	};
	rootObject = BC9E3A8A1A2D8C52005B7D27 /* Project object */;
}
